
Microsoft Visual Studio Solution File, Format Version 12.00
# Visual Studio Version 16
VisualStudioVersion = 16.0.31424.327
MinimumVisualStudioVersion = 10.0.40219.1
Project("{9A19103F-16F7-4668-BE54-9A1E7A4F7556}") = "Targil0", "Targil0\Targil0.csproj", "{ED6275C3-6F04-4731-9E32-E99B0D5D05D7}"
EndProject
Project("{2150E333-8FDC-42A3-9474-1A3956D46DE8}") = "Solution Items", "Solution Items", "{F37ED898-4FC4-44EF-B5AE-AFC8D659D6BB}"
	ProjectSection(SolutionItems) = preProject
		config.xml = config.xml
		README.md = README.md
	EndProjectSection
EndProject
Project("{9A19103F-16F7-4668-BE54-9A1E7A4F7556}") = "ConsoleUI", "ConsoleUI\ConsoleUI.csproj", "{7B3C7B60-1ED7-47BB-BF74-5341563ABA95}"
EndProject
Project("{9A19103F-16F7-4668-BE54-9A1E7A4F7556}") = "DalApi", "DAL\DalApi.csproj", "{B662F808-80D5-4AA4-9032-22D60CAFE35E}"
EndProject
Project("{9A19103F-16F7-4668-BE54-9A1E7A4F7556}") = "BL", "BL\BL.csproj", "{65BC83EF-336D-4AFE-92AC-C5C2A8BDBFCF}"
EndProject
Project("{9A19103F-16F7-4668-BE54-9A1E7A4F7556}") = "ConsoleUI_BL", "ConsoleUI_BL\ConsoleUI_BL.csproj", "{A1FAE087-B3A7-4C9D-93F2-B1914B3F5830}"
EndProject
Project("{9A19103F-16F7-4668-BE54-9A1E7A4F7556}") = "PL", "PL\PL.csproj", "{C6EBC8EB-01DD-4E35-B0FA-DA0EE85AFF42}"
	ProjectSection(ProjectDependencies) = postProject
		{65BC83EF-336D-4AFE-92AC-C5C2A8BDBFCF} = {65BC83EF-336D-4AFE-92AC-C5C2A8BDBFCF}
	EndProjectSection
EndProject
Project("{9A19103F-16F7-4668-BE54-9A1E7A4F7556}") = "Singelton", "Singelton\Singelton.csproj", "{35833A86-3775-4BA7-9313-B4DD7E6648F2}"
EndProject
Project("{9A19103F-16F7-4668-BE54-9A1E7A4F7556}") = "DalXml", "DalXml\DalXml.csproj", "{3176D726-E39F-4BBB-85D2-47FC167BBC6F}"
EndProject
Global
	GlobalSection(SolutionConfigurationPlatforms) = preSolution
		Debug|Any CPU = Debug|Any CPU
		Release|Any CPU = Release|Any CPU
	EndGlobalSection
	GlobalSection(ProjectConfigurationPlatforms) = postSolution
		{ED6275C3-6F04-4731-9E32-E99B0D5D05D7}.Debug|Any CPU.ActiveCfg = Debug|Any CPU
		{ED6275C3-6F04-4731-9E32-E99B0D5D05D7}.Debug|Any CPU.Build.0 = Debug|Any CPU
		{ED6275C3-6F04-4731-9E32-E99B0D5D05D7}.Release|Any CPU.ActiveCfg = Release|Any CPU
		{ED6275C3-6F04-4731-9E32-E99B0D5D05D7}.Release|Any CPU.Build.0 = Release|Any CPU
		{7B3C7B60-1ED7-47BB-BF74-5341563ABA95}.Debug|Any CPU.ActiveCfg = Debug|Any CPU
		{7B3C7B60-1ED7-47BB-BF74-5341563ABA95}.Debug|Any CPU.Build.0 = Debug|Any CPU
		{7B3C7B60-1ED7-47BB-BF74-5341563ABA95}.Release|Any CPU.ActiveCfg = Release|Any CPU
		{7B3C7B60-1ED7-47BB-BF74-5341563ABA95}.Release|Any CPU.Build.0 = Release|Any CPU
		{B662F808-80D5-4AA4-9032-22D60CAFE35E}.Debug|Any CPU.ActiveCfg = Debug|Any CPU
		{B662F808-80D5-4AA4-9032-22D60CAFE35E}.Debug|Any CPU.Build.0 = Debug|Any CPU
		{B662F808-80D5-4AA4-9032-22D60CAFE35E}.Release|Any CPU.ActiveCfg = Release|Any CPU
		{B662F808-80D5-4AA4-9032-22D60CAFE35E}.Release|Any CPU.Build.0 = Release|Any CPU
		{65BC83EF-336D-4AFE-92AC-C5C2A8BDBFCF}.Debug|Any CPU.ActiveCfg = Debug|Any CPU
		{65BC83EF-336D-4AFE-92AC-C5C2A8BDBFCF}.Debug|Any CPU.Build.0 = Debug|Any CPU
		{65BC83EF-336D-4AFE-92AC-C5C2A8BDBFCF}.Release|Any CPU.ActiveCfg = Release|Any CPU
		{65BC83EF-336D-4AFE-92AC-C5C2A8BDBFCF}.Release|Any CPU.Build.0 = Release|Any CPU
		{A1FAE087-B3A7-4C9D-93F2-B1914B3F5830}.Debug|Any CPU.ActiveCfg = Debug|Any CPU
		{A1FAE087-B3A7-4C9D-93F2-B1914B3F5830}.Debug|Any CPU.Build.0 = Debug|Any CPU
		{A1FAE087-B3A7-4C9D-93F2-B1914B3F5830}.Release|Any CPU.ActiveCfg = Release|Any CPU
		{A1FAE087-B3A7-4C9D-93F2-B1914B3F5830}.Release|Any CPU.Build.0 = Release|Any CPU
		{C6EBC8EB-01DD-4E35-B0FA-DA0EE85AFF42}.Debug|Any CPU.ActiveCfg = Debug|Any CPU
		{C6EBC8EB-01DD-4E35-B0FA-DA0EE85AFF42}.Debug|Any CPU.Build.0 = Debug|Any CPU
		{C6EBC8EB-01DD-4E35-B0FA-DA0EE85AFF42}.Release|Any CPU.ActiveCfg = Release|Any CPU
		{C6EBC8EB-01DD-4E35-B0FA-DA0EE85AFF42}.Release|Any CPU.Build.0 = Release|Any CPU
		{35833A86-3775-4BA7-9313-B4DD7E6648F2}.Debug|Any CPU.ActiveCfg = Debug|Any CPU
		{35833A86-3775-4BA7-9313-B4DD7E6648F2}.Debug|Any CPU.Build.0 = Debug|Any CPU
		{35833A86-3775-4BA7-9313-B4DD7E6648F2}.Release|Any CPU.ActiveCfg = Release|Any CPU
		{35833A86-3775-4BA7-9313-B4DD7E6648F2}.Release|Any CPU.Build.0 = Release|Any CPU
		{3176D726-E39F-4BBB-85D2-47FC167BBC6F}.Debug|Any CPU.ActiveCfg = Debug|Any CPU
		{3176D726-E39F-4BBB-85D2-47FC167BBC6F}.Debug|Any CPU.Build.0 = Debug|Any CPU
		{3176D726-E39F-4BBB-85D2-47FC167BBC6F}.Release|Any CPU.ActiveCfg = Release|Any CPU
		{3176D726-E39F-4BBB-85D2-47FC167BBC6F}.Release|Any CPU.Build.0 = Release|Any CPU
	EndGlobalSection
	GlobalSection(SolutionProperties) = preSolution
		HideSolutionNode = FALSE
	EndGlobalSection
	GlobalSection(ExtensibilityGlobals) = postSolution
		SolutionGuid = {5C31FE9B-1D78-4A43-B226-570B4DDDADC4}
	EndGlobalSection
EndGlobal
